
Microsoft Visual Studio Solution File, Format Version 12.00
# Visual Studio Version 16
VisualStudioVersion = 16.0.29424.173
MinimumVisualStudioVersion = 10.0.40219.1
Project("{FAE04EC0-301F-11D3-BF4B-00C04F79EFBC}") = "Static-Const-Extensions", "Static-Const-Extensions\Static-Const-Extensions.csproj", "{55216ECA-E39C-4122-B0E6-9C2E29637BCB}"
EndProject
Project("{FAE04EC0-301F-11D3-BF4B-00C04F79EFBC}") = "Static-Const-Advanced", "Static-Const-Advanced\Static-Const-Advanced.csproj", "{8C88CF26-52C4-4BD1-BE30-053486C85284}"
EndProject
Global
	GlobalSection(SolutionConfigurationPlatforms) = preSolution
		Debug|Any CPU = Debug|Any CPU
		Release|Any CPU = Release|Any CPU
	EndGlobalSection
	GlobalSection(ProjectConfigurationPlatforms) = postSolution
		{55216ECA-E39C-4122-B0E6-9C2E29637BCB}.Debug|Any CPU.ActiveCfg = Debug|Any CPU
		{55216ECA-E39C-4122-B0E6-9C2E29637BCB}.Debug|Any CPU.Build.0 = Debug|Any CPU
		{55216ECA-E39C-4122-B0E6-9C2E29637BCB}.Release|Any CPU.ActiveCfg = Release|Any CPU
		{55216ECA-E39C-4122-B0E6-9C2E29637BCB}.Release|Any CPU.Build.0 = Release|Any CPU
		{8C88CF26-52C4-4BD1-BE30-053486C85284}.Debug|Any CPU.ActiveCfg = Debug|Any CPU
		{8C88CF26-52C4-4BD1-BE30-053486C85284}.Debug|Any CPU.Build.0 = Debug|Any CPU
		{8C88CF26-52C4-4BD1-BE30-053486C85284}.Release|Any CPU.ActiveCfg = Release|Any CPU
		{8C88CF26-52C4-4BD1-BE30-053486C85284}.Release|Any CPU.Build.0 = Release|Any CPU
	EndGlobalSection
	GlobalSection(SolutionProperties) = preSolution
		HideSolutionNode = FALSE
	EndGlobalSection
	GlobalSection(ExtensibilityGlobals) = postSolution
		SolutionGuid = {7A6FB63A-0080-44DF-A483-782CA4DC7BB0}
	EndGlobalSection
EndGlobal
